
Microsoft Visual Studio Solution File, Format Version 12.00
# Visual Studio Version 16
VisualStudioVersion = 16.0.29230.61
MinimumVisualStudioVersion = 15.0.26124.0
Project("{FAE04EC0-301F-11D3-BF4B-00C04F79EFBC}") = "AspNetMvc5UsingAutofac", "AspNetMvc5UsingAutofac\AspNetMvc5UsingAutofac.csproj", "{6AAFDF8B-D7D0-4D96-A9F1-0DE739864D4F}"
EndProject
Project("{FAE04EC0-301F-11D3-BF4B-00C04F79EFBC}") = "AspNetMvc5WithoutIdentity", "AspNetMvc5WithoutIdentity\AspNetMvc5WithoutIdentity.csproj", "{3FD62A20-8729-45EC-8D79-C2B2856B4F01}"
EndProject
Global
	GlobalSection(SolutionConfigurationPlatforms) = preSolution
		Debug|Any CPU = Debug|Any CPU
		Debug|x64 = Debug|x64
		Debug|x86 = Debug|x86
		Release|Any CPU = Release|Any CPU
		Release|x64 = Release|x64
		Release|x86 = Release|x86
	EndGlobalSection
	GlobalSection(ProjectConfigurationPlatforms) = postSolution
		{6AAFDF8B-D7D0-4D96-A9F1-0DE739864D4F}.Debug|Any CPU.ActiveCfg = Debug|Any CPU
		{6AAFDF8B-D7D0-4D96-A9F1-0DE739864D4F}.Debug|Any CPU.Build.0 = Debug|Any CPU
		{6AAFDF8B-D7D0-4D96-A9F1-0DE739864D4F}.Debug|x64.ActiveCfg = Debug|Any CPU
		{6AAFDF8B-D7D0-4D96-A9F1-0DE739864D4F}.Debug|x64.Build.0 = Debug|Any CPU
		{6AAFDF8B-D7D0-4D96-A9F1-0DE739864D4F}.Debug|x86.ActiveCfg = Debug|Any CPU
		{6AAFDF8B-D7D0-4D96-A9F1-0DE739864D4F}.Debug|x86.Build.0 = Debug|Any CPU
		{6AAFDF8B-D7D0-4D96-A9F1-0DE739864D4F}.Release|Any CPU.ActiveCfg = Release|Any CPU
		{6AAFDF8B-D7D0-4D96-A9F1-0DE739864D4F}.Release|Any CPU.Build.0 = Release|Any CPU
		{6AAFDF8B-D7D0-4D96-A9F1-0DE739864D4F}.Release|x64.ActiveCfg = Release|Any CPU
		{6AAFDF8B-D7D0-4D96-A9F1-0DE739864D4F}.Release|x64.Build.0 = Release|Any CPU
		{6AAFDF8B-D7D0-4D96-A9F1-0DE739864D4F}.Release|x86.ActiveCfg = Release|Any CPU
		{6AAFDF8B-D7D0-4D96-A9F1-0DE739864D4F}.Release|x86.Build.0 = Release|Any CPU
		{3FD62A20-8729-45EC-8D79-C2B2856B4F01}.Debug|Any CPU.ActiveCfg = Debug|Any CPU
		{3FD62A20-8729-45EC-8D79-C2B2856B4F01}.Debug|Any CPU.Build.0 = Debug|Any CPU
		{3FD62A20-8729-45EC-8D79-C2B2856B4F01}.Debug|x64.ActiveCfg = Debug|Any CPU
		{3FD62A20-8729-45EC-8D79-C2B2856B4F01}.Debug|x64.Build.0 = Debug|Any CPU
		{3FD62A20-8729-45EC-8D79-C2B2856B4F01}.Debug|x86.ActiveCfg = Debug|Any CPU
		{3FD62A20-8729-45EC-8D79-C2B2856B4F01}.Debug|x86.Build.0 = Debug|Any CPU
		{3FD62A20-8729-45EC-8D79-C2B2856B4F01}.Release|Any CPU.ActiveCfg = Release|Any CPU
		{3FD62A20-8729-45EC-8D79-C2B2856B4F01}.Release|Any CPU.Build.0 = Release|Any CPU
		{3FD62A20-8729-45EC-8D79-C2B2856B4F01}.Release|x64.ActiveCfg = Release|Any CPU
		{3FD62A20-8729-45EC-8D79-C2B2856B4F01}.Release|x64.Build.0 = Release|Any CPU
		{3FD62A20-8729-45EC-8D79-C2B2856B4F01}.Release|x86.ActiveCfg = Release|Any CPU
		{3FD62A20-8729-45EC-8D79-C2B2856B4F01}.Release|x86.Build.0 = Release|Any CPU
	EndGlobalSection
	GlobalSection(SolutionProperties) = preSolution
		HideSolutionNode = FALSE
	EndGlobalSection
	GlobalSection(ExtensibilityGlobals) = postSolution
		SolutionGuid = {11AB5B8C-BF6F-4416-B481-5460957C0A81}
	EndGlobalSection
EndGlobal
